{
  "name": "bot",
  "lockfileVersion": 3,
  "requires": true,
  "packages": {
    "": {
      "dependencies": {
        "@skyware/jetstream": "^0.2.0"
      }
    },
    "node_modules/@atcute/bluesky": {
      "version": "1.0.8",
      "resolved": "https://registry.npmjs.org/@atcute/bluesky/-/bluesky-1.0.8.tgz",
      "integrity": "sha512-XqAZHYh65ZyBBT5rRkEhP656THYaY6CE+EY0AZXkIDaXJNdIl9KINZW5dnSrVWifspJbM+gUw1QFlCv8Yrx01g==",
      "license": "MIT",
      "peerDependencies": {
        "@atcute/client": "^1.0.0 || ^2.0.0"
      }
    },
    "node_modules/@atcute/client": {
      "version": "2.0.4",
      "resolved": "https://registry.npmjs.org/@atcute/client/-/client-2.0.4.tgz",
      "integrity": "sha512-bKA6KEOmrdhU2CDRNp13M4WyKN0EdrVLKJffzPo62ANSTMacz5hRJhmvQYwuo7BZSGIoDql4sH+QR6Xbk3DERg==",
      "license": "MIT",
      "peer": true
    },
    "node_modules/@skyware/jetstream": {
      "version": "0.2.0",
      "resolved": "https://registry.npmjs.org/@skyware/jetstream/-/jetstream-0.2.0.tgz",
      "integrity": "sha512-nydEVe47fc3Cn9yLjk0Tos05pB4PYVOXno8RKlf0QguJUF48ASKx9xA4jUHqEI1dk2oHuHWoXpo9ic+RIgk6yw==",
      "license": "MPL-2.0",
      "dependencies": {
        "@atcute/bluesky": "^1.0.6",
        "partysocket": "^1.0.2"
      }
    },
    "node_modules/event-target-shim": {
      "version": "6.0.2",
      "resolved": "https://registry.npmjs.org/event-target-shim/-/event-target-shim-6.0.2.tgz",
      "integrity": "sha512-8q3LsZjRezbFZ2PN+uP+Q7pnHUMmAOziU2vA2OwoFaKIXxlxl38IylhSSgUorWu/rf4er67w0ikBqjBFk/pomA==",
      "license": "MIT",
      "engines": {
        "node": ">=10.13.0"
      },
      "funding": {
        "url": "https://github.com/sponsors/mysticatea"
      }
    },
    "node_modules/partysocket": {
      "version": "1.0.2",
      "resolved": "https://registry.npmjs.org/partysocket/-/partysocket-1.0.2.tgz",
      "integrity": "sha512-rAFOUKImaq+VBk2B+2RTBsWEvlnarEP53nchoUHzpVs8V6fG2/estihOTslTQUWHVuHEKDL5k8htG8K3TngyFA==",
      "license": "ISC",
      "dependencies": {
        "event-target-shim": "^6.0.2"
      }
    }
  }
}
